
Microsoft Visual Studio Solution File, Format Version 12.00
# Visual Studio 15
VisualStudioVersion = 15.0.27428.2027
MinimumVisualStudioVersion = 10.0.40219.1
Project("{8BC9CEB8-8B4A-11D0-8D11-00A0C91BC942}") = "PassionateQuiz12-2.c", "PassionateQuiz12-2.c\PassionateQuiz12-2.c.vcxproj", "{46567479-45CC-42A6-8CAD-0301A1A98E93}"
EndProject
Global
	GlobalSection(SolutionConfigurationPlatforms) = preSolution
		Debug|x64 = Debug|x64
		Debug|x86 = Debug|x86
		Release|x64 = Release|x64
		Release|x86 = Release|x86
	EndGlobalSection
	GlobalSection(ProjectConfigurationPlatforms) = postSolution
		{46567479-45CC-42A6-8CAD-0301A1A98E93}.Debug|x64.ActiveCfg = Debug|x64
		{46567479-45CC-42A6-8CAD-0301A1A98E93}.Debug|x64.Build.0 = Debug|x64
		{46567479-45CC-42A6-8CAD-0301A1A98E93}.Debug|x86.ActiveCfg = Debug|Win32
		{46567479-45CC-42A6-8CAD-0301A1A98E93}.Debug|x86.Build.0 = Debug|Win32
		{46567479-45CC-42A6-8CAD-0301A1A98E93}.Release|x64.ActiveCfg = Release|x64
		{46567479-45CC-42A6-8CAD-0301A1A98E93}.Release|x64.Build.0 = Release|x64
		{46567479-45CC-42A6-8CAD-0301A1A98E93}.Release|x86.ActiveCfg = Release|Win32
		{46567479-45CC-42A6-8CAD-0301A1A98E93}.Release|x86.Build.0 = Release|Win32
	EndGlobalSection
	GlobalSection(SolutionProperties) = preSolution
		HideSolutionNode = FALSE
	EndGlobalSection
	GlobalSection(ExtensibilityGlobals) = postSolution
		SolutionGuid = {53A509BF-7B26-42A6-BFE9-3FD31A1BCF43}
	EndGlobalSection
EndGlobal
